
Microsoft Visual Studio Solution File, Format Version 12.00
# Visual Studio Version 17
VisualStudioVersion = 17.1.32414.318
MinimumVisualStudioVersion = 10.0.40219.1
Project("{FAE04EC0-301F-11D3-BF4B-00C04F79EFBC}") = "Jeux_1", "Jeux_1\Jeux_1.csproj", "{F209EC7E-2196-4B10-8214-43134A00ABA9}"
EndProject
Global
	GlobalSection(SolutionConfigurationPlatforms) = preSolution
		Debug|Any CPU = Debug|Any CPU
		Release|Any CPU = Release|Any CPU
	EndGlobalSection
	GlobalSection(ProjectConfigurationPlatforms) = postSolution
		{F209EC7E-2196-4B10-8214-43134A00ABA9}.Debug|Any CPU.ActiveCfg = Debug|Any CPU
		{F209EC7E-2196-4B10-8214-43134A00ABA9}.Debug|Any CPU.Build.0 = Debug|Any CPU
		{F209EC7E-2196-4B10-8214-43134A00ABA9}.Release|Any CPU.ActiveCfg = Release|Any CPU
		{F209EC7E-2196-4B10-8214-43134A00ABA9}.Release|Any CPU.Build.0 = Release|Any CPU
	EndGlobalSection
	GlobalSection(SolutionProperties) = preSolution
		HideSolutionNode = FALSE
	EndGlobalSection
	GlobalSection(ExtensibilityGlobals) = postSolution
		SolutionGuid = {B419C766-3177-4C49-BD7B-B1B0A68371A5}
	EndGlobalSection
EndGlobal
